
Microsoft Visual Studio Solution File, Format Version 12.00
# Visual Studio 14
VisualStudioVersion = 14.0.25420.1
MinimumVisualStudioVersion = 10.0.40219.1
Project("{8BC9CEB8-8B4A-11D0-8D11-00A0C91BC942}") = "WQuery", "WQuery\WQuery.vcxproj", "{DBD940A6-C6B6-4567-87B6-C45C0979E79C}"
EndProject
Project("{8BC9CEB8-8B4A-11D0-8D11-00A0C91BC942}") = "UsageExample", "UsageExample\UsageExample.vcxproj", "{6947CECC-920A-449F-AC58-8E0049607833}"
EndProject
Global
	GlobalSection(SolutionConfigurationPlatforms) = preSolution
		Debug|x64 = Debug|x64
		Debug|x86 = Debug|x86
		Release|x64 = Release|x64
		Release|x86 = Release|x86
	EndGlobalSection
	GlobalSection(ProjectConfigurationPlatforms) = postSolution
		{DBD940A6-C6B6-4567-87B6-C45C0979E79C}.Debug|x64.ActiveCfg = Debug|x64
		{DBD940A6-C6B6-4567-87B6-C45C0979E79C}.Debug|x64.Build.0 = Debug|x64
		{DBD940A6-C6B6-4567-87B6-C45C0979E79C}.Debug|x86.ActiveCfg = Debug|Win32
		{DBD940A6-C6B6-4567-87B6-C45C0979E79C}.Debug|x86.Build.0 = Debug|Win32
		{DBD940A6-C6B6-4567-87B6-C45C0979E79C}.Release|x64.ActiveCfg = Release|x64
		{DBD940A6-C6B6-4567-87B6-C45C0979E79C}.Release|x64.Build.0 = Release|x64
		{DBD940A6-C6B6-4567-87B6-C45C0979E79C}.Release|x86.ActiveCfg = Release|Win32
		{DBD940A6-C6B6-4567-87B6-C45C0979E79C}.Release|x86.Build.0 = Release|Win32
		{6947CECC-920A-449F-AC58-8E0049607833}.Debug|x64.ActiveCfg = Debug|x64
		{6947CECC-920A-449F-AC58-8E0049607833}.Debug|x64.Build.0 = Debug|x64
		{6947CECC-920A-449F-AC58-8E0049607833}.Debug|x86.ActiveCfg = Debug|Win32
		{6947CECC-920A-449F-AC58-8E0049607833}.Debug|x86.Build.0 = Debug|Win32
		{6947CECC-920A-449F-AC58-8E0049607833}.Release|x64.ActiveCfg = Release|x64
		{6947CECC-920A-449F-AC58-8E0049607833}.Release|x64.Build.0 = Release|x64
		{6947CECC-920A-449F-AC58-8E0049607833}.Release|x86.ActiveCfg = Release|Win32
		{6947CECC-920A-449F-AC58-8E0049607833}.Release|x86.Build.0 = Release|Win32
	EndGlobalSection
	GlobalSection(SolutionProperties) = preSolution
		HideSolutionNode = FALSE
	EndGlobalSection
EndGlobal
